
Microsoft Visual Studio Solution File, Format Version 12.00
# Visual Studio 14
VisualStudioVersion = 14.0.23107.0
MinimumVisualStudioVersion = 10.0.40219.1
Project("{8BC9CEB8-8B4A-11D0-8D11-00A0C91BC942}") = "CppCom", "CppCom\CppCom.vcxproj", "{9E25B401-5834-45FD-AA6E-804E86E8B234}"
EndProject
Project("{8BC9CEB8-8B4A-11D0-8D11-00A0C91BC942}") = "Client", "Client\Client.vcxproj", "{1802ED73-E072-42C3-884A-D045DD582AD0}"
EndProject
Project("{FAE04EC0-301F-11D3-BF4B-00C04F79EFBC}") = "CsCom", "CsCom\CsCom.csproj", "{2579BD96-D7B0-4FA6-82AC-E5D4286A312A}"
EndProject
Project("{2150E333-8FDC-42A3-9474-1A3956D46DE8}") = "Solution Items", "Solution Items", "{0DEAE335-0779-4572-95ED-161FFC325570}"
	ProjectSection(SolutionItems) = preProject
		collect.cmd = collect.cmd
		readme.txt = readme.txt
	EndProjectSection
EndProject
Global
	GlobalSection(SolutionConfigurationPlatforms) = preSolution
		Debug|Any CPU = Debug|Any CPU
		Debug|x64 = Debug|x64
		Debug|x86 = Debug|x86
		Release|Any CPU = Release|Any CPU
		Release|x64 = Release|x64
		Release|x86 = Release|x86
	EndGlobalSection
	GlobalSection(ProjectConfigurationPlatforms) = postSolution
		{9E25B401-5834-45FD-AA6E-804E86E8B234}.Debug|Any CPU.ActiveCfg = Debug|Win32
		{9E25B401-5834-45FD-AA6E-804E86E8B234}.Debug|Any CPU.Build.0 = Debug|Win32
		{9E25B401-5834-45FD-AA6E-804E86E8B234}.Debug|x64.ActiveCfg = Debug|x64
		{9E25B401-5834-45FD-AA6E-804E86E8B234}.Debug|x64.Build.0 = Debug|x64
		{9E25B401-5834-45FD-AA6E-804E86E8B234}.Debug|x86.ActiveCfg = Debug|Win32
		{9E25B401-5834-45FD-AA6E-804E86E8B234}.Debug|x86.Build.0 = Debug|Win32
		{9E25B401-5834-45FD-AA6E-804E86E8B234}.Release|Any CPU.ActiveCfg = Release|Win32
		{9E25B401-5834-45FD-AA6E-804E86E8B234}.Release|x64.ActiveCfg = Release|x64
		{9E25B401-5834-45FD-AA6E-804E86E8B234}.Release|x64.Build.0 = Release|x64
		{9E25B401-5834-45FD-AA6E-804E86E8B234}.Release|x86.ActiveCfg = Release|Win32
		{9E25B401-5834-45FD-AA6E-804E86E8B234}.Release|x86.Build.0 = Release|Win32
		{1802ED73-E072-42C3-884A-D045DD582AD0}.Debug|Any CPU.ActiveCfg = Debug|Win32
		{1802ED73-E072-42C3-884A-D045DD582AD0}.Debug|Any CPU.Build.0 = Debug|Win32
		{1802ED73-E072-42C3-884A-D045DD582AD0}.Debug|x64.ActiveCfg = Debug|x64
		{1802ED73-E072-42C3-884A-D045DD582AD0}.Debug|x64.Build.0 = Debug|x64
		{1802ED73-E072-42C3-884A-D045DD582AD0}.Debug|x86.ActiveCfg = Debug|Win32
		{1802ED73-E072-42C3-884A-D045DD582AD0}.Debug|x86.Build.0 = Debug|Win32
		{1802ED73-E072-42C3-884A-D045DD582AD0}.Release|Any CPU.ActiveCfg = Release|Win32
		{1802ED73-E072-42C3-884A-D045DD582AD0}.Release|x64.ActiveCfg = Release|x64
		{1802ED73-E072-42C3-884A-D045DD582AD0}.Release|x64.Build.0 = Release|x64
		{1802ED73-E072-42C3-884A-D045DD582AD0}.Release|x86.ActiveCfg = Release|Win32
		{1802ED73-E072-42C3-884A-D045DD582AD0}.Release|x86.Build.0 = Release|Win32
		{2579BD96-D7B0-4FA6-82AC-E5D4286A312A}.Debug|Any CPU.ActiveCfg = Debug|Any CPU
		{2579BD96-D7B0-4FA6-82AC-E5D4286A312A}.Debug|Any CPU.Build.0 = Debug|Any CPU
		{2579BD96-D7B0-4FA6-82AC-E5D4286A312A}.Debug|x64.ActiveCfg = Debug|Any CPU
		{2579BD96-D7B0-4FA6-82AC-E5D4286A312A}.Debug|x64.Build.0 = Debug|Any CPU
		{2579BD96-D7B0-4FA6-82AC-E5D4286A312A}.Debug|x86.ActiveCfg = Debug|Any CPU
		{2579BD96-D7B0-4FA6-82AC-E5D4286A312A}.Debug|x86.Build.0 = Debug|Any CPU
		{2579BD96-D7B0-4FA6-82AC-E5D4286A312A}.Release|Any CPU.ActiveCfg = Release|Any CPU
		{2579BD96-D7B0-4FA6-82AC-E5D4286A312A}.Release|Any CPU.Build.0 = Release|Any CPU
		{2579BD96-D7B0-4FA6-82AC-E5D4286A312A}.Release|x64.ActiveCfg = Release|Any CPU
		{2579BD96-D7B0-4FA6-82AC-E5D4286A312A}.Release|x64.Build.0 = Release|Any CPU
		{2579BD96-D7B0-4FA6-82AC-E5D4286A312A}.Release|x86.ActiveCfg = Release|Any CPU
		{2579BD96-D7B0-4FA6-82AC-E5D4286A312A}.Release|x86.Build.0 = Release|Any CPU
	EndGlobalSection
	GlobalSection(SolutionProperties) = preSolution
		HideSolutionNode = FALSE
	EndGlobalSection
EndGlobal
